Microsoft Visual Studio Solution File, Format Version 12.00
# Visual Studio Version 17
VisualStudioVersion = 17.5.2.0
MinimumVisualStudioVersion = 10.0.40219.1
Project("{FAE04EC0-301F-11D3-BF4B-00C04F79EFBC}") = "TodoGDS", "TodoGDS.csproj", "{B9B805F7-0489-C0EB-2495-E7939707EFAC}"
EndProject
Global
	GlobalSection(SolutionConfigurationPlatforms) = preSolution
		Debug|Any CPU = Debug|Any CPU
		Release|Any CPU = Release|Any CPU
	EndGlobalSection
	GlobalSection(ProjectConfigurationPlatforms) = postSolution
		{B9B805F7-0489-C0EB-2495-E7939707EFAC}.Debug|Any CPU.ActiveCfg = Debug|Any CPU
		{B9B805F7-0489-C0EB-2495-E7939707EFAC}.Debug|Any CPU.Build.0 = Debug|Any CPU
		{B9B805F7-0489-C0EB-2495-E7939707EFAC}.Release|Any CPU.ActiveCfg = Release|Any CPU
		{B9B805F7-0489-C0EB-2495-E7939707EFAC}.Release|Any CPU.Build.0 = Release|Any CPU
	EndGlobalSection
	GlobalSection(SolutionProperties) = preSolution
		HideSolutionNode = FALSE
	EndGlobalSection
	GlobalSection(ExtensibilityGlobals) = postSolution
		SolutionGuid = {57FAC0AF-896B-4785-BBED-471E98A16436}
	EndGlobalSection
EndGlobal
